Microsoft Visual Studio Solution File, Format Version 12.00
# Visual Studio Version 17
VisualStudioVersion = 17.5.2.0
MinimumVisualStudioVersion = 10.0.40219.1
Project("{2150E333-8FDC-42A3-9474-1A3956D46DE8}") = "Week1_06.01.2026-10.01.2026", "Week1_06.01.2026-10.01.2026", "{627D6347-BD39-B014-A93A-25CDA4071DFB}"
EndProject
Project("{FAE04EC0-301F-11D3-BF4B-00C04F79EFBC}") = "Day3_08.01.2026", "Week1_06.01.2026-10.01.2026\Day3_08.01.2026\Day3_08.01.2026.csproj", "{4230BDDE-B1D6-F30A-FBD0-A5EF280157B8}"
EndProject
Global
	GlobalSection(SolutionConfigurationPlatforms) = preSolution
		Debug|Any CPU = Debug|Any CPU
		Release|Any CPU = Release|Any CPU
	EndGlobalSection
	GlobalSection(ProjectConfigurationPlatforms) = postSolution
		{4230BDDE-B1D6-F30A-FBD0-A5EF280157B8}.Debug|Any CPU.ActiveCfg = Debug|Any CPU
		{4230BDDE-B1D6-F30A-FBD0-A5EF280157B8}.Debug|Any CPU.Build.0 = Debug|Any CPU
		{4230BDDE-B1D6-F30A-FBD0-A5EF280157B8}.Release|Any CPU.ActiveCfg = Release|Any CPU
		{4230BDDE-B1D6-F30A-FBD0-A5EF280157B8}.Release|Any CPU.Build.0 = Release|Any CPU
	EndGlobalSection
	GlobalSection(SolutionProperties) = preSolution
		HideSolutionNode = FALSE
	EndGlobalSection
	GlobalSection(NestedProjects) = preSolution
		{4230BDDE-B1D6-F30A-FBD0-A5EF280157B8} = {627D6347-BD39-B014-A93A-25CDA4071DFB}
	EndGlobalSection
	GlobalSection(ExtensibilityGlobals) = postSolution
		SolutionGuid = {41F7FCCF-E24A-4AA0-9ABD-0F0443D33425}
	EndGlobalSection
EndGlobal
